{
  "name": "MafiaHami",
  "lockfileVersion": 2,
  "requires": true,
  "packages": {
    "": {
      "dependencies": {
        "@capacitor-community/camera-preview": "^4.0.0",
        "lodash": "^4.17.21"
      },
      "devDependencies": {
        "@types/lodash": "^4.14.191"
      }
    },
    "node_modules/@capacitor-community/camera-preview": {
      "version": "4.0.0",
      "resolved": "https://registry.npmjs.org/@capacitor-community/camera-preview/-/camera-preview-4.0.0.tgz",
      "integrity": "sha512-eHov/D/xHsAFWmqkkP9MNako2zP9fH90cUtlLoX+w6gHCS5TBdz/Xtq4sSN8OciUjQYvC1FD7baHu2vCxfZ87w==",
      "dependencies": {
        "@capacitor/core": "^4.0.0"
      }
    },
    "node_modules/@capacitor/core": {
      "version": "4.6.1",
      "resolved": "https://registry.npmjs.org/@capacitor/core/-/core-4.6.1.tgz",
      "integrity": "sha512-7A2IV9E8umgu9u0fChUTjQJq+Jp25GJZMmWxoQN/nVx/1rcpFJ4m1xo3NPBoIRs+aV7FR+BM17mPrnkKlA8N2g==",
      "dependencies": {
        "tslib": "^2.1.0"
      }
    },
    "node_modules/@types/lodash": {
      "version": "4.14.191",
      "resolved": "https://registry.npmjs.org/@types/lodash/-/lodash-4.14.191.tgz",
      "integrity": "sha512-BdZ5BCCvho3EIXw6wUCXHe7rS53AIDPLE+JzwgT+OsJk53oBfbSmZZ7CX4VaRoN78N+TJpFi9QPlfIVNmJYWxQ==",
      "dev": true
    },
    "node_modules/lodash": {
      "version": "4.17.21",
      "resolved": "https://registry.npmjs.org/lodash/-/lodash-4.17.21.tgz",
      "integrity": "sha512-v2kDEe57lecTulaDIuNTPy3Ry4gLGJ6Z1O3vE1krgXZNrsQ+LFTGHVxVjcXPs17LhbZVGedAJv8XZ1tvj5FvSg=="
    },
    "node_modules/tslib": {
      "version": "2.4.1",
      "resolved": "https://registry.npmjs.org/tslib/-/tslib-2.4.1.tgz",
      "integrity": "sha512-tGyy4dAjRIEwI7BzsB0lynWgOpfqjUdq91XXAlIWD2OwKBH7oCl/GZG/HT4BOHrTlPMOASlMQ7veyTqpmRcrNA=="
    }
  },
  "dependencies": {
    "@capacitor-community/camera-preview": {
      "version": "4.0.0",
      "resolved": "https://registry.npmjs.org/@capacitor-community/camera-preview/-/camera-preview-4.0.0.tgz",
      "integrity": "sha512-eHov/D/xHsAFWmqkkP9MNako2zP9fH90cUtlLoX+w6gHCS5TBdz/Xtq4sSN8OciUjQYvC1FD7baHu2vCxfZ87w==",
      "requires": {
        "@capacitor/core": "^4.0.0"
      }
    },
    "@capacitor/core": {
      "version": "4.6.1",
      "resolved": "https://registry.npmjs.org/@capacitor/core/-/core-4.6.1.tgz",
      "integrity": "sha512-7A2IV9E8umgu9u0fChUTjQJq+Jp25GJZMmWxoQN/nVx/1rcpFJ4m1xo3NPBoIRs+aV7FR+BM17mPrnkKlA8N2g==",
      "requires": {
        "tslib": "^2.1.0"
      }
    },
    "@types/lodash": {
      "version": "4.14.191",
      "resolved": "https://registry.npmjs.org/@types/lodash/-/lodash-4.14.191.tgz",
      "integrity": "sha512-BdZ5BCCvho3EIXw6wUCXHe7rS53AIDPLE+JzwgT+OsJk53oBfbSmZZ7CX4VaRoN78N+TJpFi9QPlfIVNmJYWxQ==",
      "dev": true
    },
    "lodash": {
      "version": "4.17.21",
      "resolved": "https://registry.npmjs.org/lodash/-/lodash-4.17.21.tgz",
      "integrity": "sha512-v2kDEe57lecTulaDIuNTPy3Ry4gLGJ6Z1O3vE1krgXZNrsQ+LFTGHVxVjcXPs17LhbZVGedAJv8XZ1tvj5FvSg=="
    },
    "tslib": {
      "version": "2.4.1",
      "resolved": "https://registry.npmjs.org/tslib/-/tslib-2.4.1.tgz",
      "integrity": "sha512-tGyy4dAjRIEwI7BzsB0lynWgOpfqjUdq91XXAlIWD2OwKBH7oCl/GZG/HT4BOHrTlPMOASlMQ7veyTqpmRcrNA=="
    }
  }
}
